
Microsoft Visual Studio Solution File, Format Version 12.00
# Visual Studio Version 17
VisualStudioVersion = 17.6.33829.357
MinimumVisualStudioVersion = 10.0.40219.1
Project("{FAE04EC0-301F-11D3-BF4B-00C04F79EFBC}") = "HomeTask3", "HomeTask3.csproj", "{0DB7DB0F-5986-480A-961C-A7824AF50A6E}"
EndProject
Global
	GlobalSection(SolutionConfigurationPlatforms) = preSolution
		Debug|Any CPU = Debug|Any CPU
		Release|Any CPU = Release|Any CPU
	EndGlobalSection
	GlobalSection(ProjectConfigurationPlatforms) = postSolution
		{0DB7DB0F-5986-480A-961C-A7824AF50A6E}.Debug|Any CPU.ActiveCfg = Debug|Any CPU
		{0DB7DB0F-5986-480A-961C-A7824AF50A6E}.Debug|Any CPU.Build.0 = Debug|Any CPU
		{0DB7DB0F-5986-480A-961C-A7824AF50A6E}.Release|Any CPU.ActiveCfg = Release|Any CPU
		{0DB7DB0F-5986-480A-961C-A7824AF50A6E}.Release|Any CPU.Build.0 = Release|Any CPU
	EndGlobalSection
	GlobalSection(SolutionProperties) = preSolution
		HideSolutionNode = FALSE
	EndGlobalSection
	GlobalSection(ExtensibilityGlobals) = postSolution
		SolutionGuid = {5B76AD28-63CB-4830-95A0-CE3F4810FF1D}
	EndGlobalSection
EndGlobal
